// !$*UTF8*$!
{
	archiveVersion = 1;
	classes = {
	};
	objectVersion = 52;
	objects = {

/* Begin PBXBuildFile section */
		57048C892777995F0061F5CF /* DataEnterView.swift in Sources */ = {isa = PBXBuildFile; fileRef = 57048C882777995F0061F5CF /* DataEnterView.swift */; };
		57048C8F27779F660061F5CF /* UIViewController + Extension.swift in Sources */ = {isa = PBXBuildFile; fileRef = 57048C8E27779F660061F5CF /* UIViewController + Extension.swift */; };
		57048C942777A0E60061F5CF /* SignUpMainTableCell.swift in Sources */ = {isa = PBXBuildFile; fileRef = 57048C932777A0E60061F5CF /* SignUpMainTableCell.swift */; };
		57048C982777A3CB0061F5CF /* SimpleTextButtonView.swift in Sources */ = {isa = PBXBuildFile; fileRef = 57048C972777A3CB0061F5CF /* SimpleTextButtonView.swift */; };
		571EB27C2777ACF600F1102E /* RegistrationButtonView.swift in Sources */ = {isa = PBXBuildFile; fileRef = 571EB27B2777ACF600F1102E /* RegistrationButtonView.swift */; };
		571EB28027788CBF00F1102E /* SignUpEmailViewController.swift in Sources */ = {isa = PBXBuildFile; fileRef = 571EB27F27788CBF00F1102E /* SignUpEmailViewController.swift */; };
		571EB28327788CD300F1102E /* SignUpEmailPresenter.swift in Sources */ = {isa = PBXBuildFile; fileRef = 571EB28227788CD300F1102E /* SignUpEmailPresenter.swift */; };
		571EB28627788CDF00F1102E /* SignUpEmailDataModel.swift in Sources */ = {isa = PBXBuildFile; fileRef = 571EB28527788CDF00F1102E /* SignUpEmailDataModel.swift */; };
		571EB28A27788E9400F1102E /* SignUpMainEmailTableCell.swift in Sources */ = {isa = PBXBuildFile; fileRef = 571EB28927788E9400F1102E /* SignUpMainEmailTableCell.swift */; };
		571EB2952778953B00F1102E /* SignUpPhoneViewController.swift in Sources */ = {isa = PBXBuildFile; fileRef = 571EB2942778953B00F1102E /* SignUpPhoneViewController.swift */; };
		571EB2982778954500F1102E /* SignUpPhonePresenter.swift in Sources */ = {isa = PBXBuildFile; fileRef = 571EB2972778954500F1102E /* SignUpPhonePresenter.swift */; };
		571EB29B2778954E00F1102E /* SignUpPhoneDataModel.swift in Sources */ = {isa = PBXBuildFile; fileRef = 571EB29A2778954E00F1102E /* SignUpPhoneDataModel.swift */; };
		571EB29F277896FB00F1102E /* SignUpPhoneMainTableCell.swift in Sources */ = {isa = PBXBuildFile; fileRef = 571EB29E277896FB00F1102E /* SignUpPhoneMainTableCell.swift */; };
		571EB2AF277A026200F1102E /* PrivacyPoliticsViewController.swift in Sources */ = {isa = PBXBuildFile; fileRef = 571EB2AE277A026200F1102E /* PrivacyPoliticsViewController.swift */; };
		571EB2B2277A026C00F1102E /* PrivacyPoliticsPresenter.swift in Sources */ = {isa = PBXBuildFile; fileRef = 571EB2B1277A026C00F1102E /* PrivacyPoliticsPresenter.swift */; };
		571EB2B5277A027700F1102E /* PrivacyPoliticsDataModel.swift in Sources */ = {isa = PBXBuildFile; fileRef = 571EB2B4277A027700F1102E /* PrivacyPoliticsDataModel.swift */; };
		571EB2B9277A033900F1102E /* PrivacyPoliticsMainTableCell.swift in Sources */ = {isa = PBXBuildFile; fileRef = 571EB2B8277A033900F1102E /* PrivacyPoliticsMainTableCell.swift */; };
		571EB2BC277A051E00F1102E /* SquareRoundButtonView.swift in Sources */ = {isa = PBXBuildFile; fileRef = 571EB2BB277A051E00F1102E /* SquareRoundButtonView.swift */; };
		571EB2C0277A193800F1102E /* EnterCodeViewController.swift in Sources */ = {isa = PBXBuildFile; fileRef = 571EB2BF277A193800F1102E /* EnterCodeViewController.swift */; };
		571EB2C4277A194300F1102E /* EnterCodePresenter.swift in Sources */ = {isa = PBXBuildFile; fileRef = 571EB2C3277A194300F1102E /* EnterCodePresenter.swift */; };
		571EB2C7277A194D00F1102E /* EnterCodeDataModel.swift in Sources */ = {isa = PBXBuildFile; fileRef = 571EB2C6277A194D00F1102E /* EnterCodeDataModel.swift */; };
		571EB2CF277A1B8F00F1102E /* OTPInputView.swift in Sources */ = {isa = PBXBuildFile; fileRef = 571EB2CE277A1B8F00F1102E /* OTPInputView.swift */; };
		571EB2D4277A1D8C00F1102E /* OTPTextField.swift in Sources */ = {isa = PBXBuildFile; fileRef = 571EB2D3277A1D8C00F1102E /* OTPTextField.swift */; };
		571EB30D277B8FD100F1102E /* String + EmailValidation.swift in Sources */ = {isa = PBXBuildFile; fileRef = 571EB30C277B8FD100F1102E /* String + EmailValidation.swift */; };
		573BAAAD277785E1001258D3 /* AppDelegate.swift in Sources */ = {isa = PBXBuildFile; fileRef = 573BAAAC277785E1001258D3 /* AppDelegate.swift */; };
		573BAAAF277785E1001258D3 /* SceneDelegate.swift in Sources */ = {isa = PBXBuildFile; fileRef = 573BAAAE277785E1001258D3 /* SceneDelegate.swift */; };
		573BAAB6277785E7001258D3 /* Assets.xcassets in Resources */ = {isa = PBXBuildFile; fileRef = 573BAAB5277785E7001258D3 /* Assets.xcassets */; };
		573BAAB9277785E7001258D3 /* LaunchScreen.storyboard in Resources */ = {isa = PBXBuildFile; fileRef = 573BAAB7277785E7001258D3 /* LaunchScreen.storyboard */; };
		573BAAC32777866E001258D3 /* ModuleBuilder.swift in Sources */ = {isa = PBXBuildFile; fileRef = 573BAAC22777866E001258D3 /* ModuleBuilder.swift */; };
		573BAAC62777867C001258D3 /* ModuleRouter.swift in Sources */ = {isa = PBXBuildFile; fileRef = 573BAAC52777867C001258D3 /* ModuleRouter.swift */; };
		573BAAC92777868C001258D3 /* NetworkManager.swift in Sources */ = {isa = PBXBuildFile; fileRef = 573BAAC82777868C001258D3 /* NetworkManager.swift */; };
		573BAACC2777869D001258D3 /* CommonString.swift in Sources */ = {isa = PBXBuildFile; fileRef = 573BAACB2777869D001258D3 /* CommonString.swift */; };
		573BAAD027778765001258D3 /* SignUpViewController.swift in Sources */ = {isa = PBXBuildFile; fileRef = 573BAACF27778765001258D3 /* SignUpViewController.swift */; };
		573BAAD42777878F001258D3 /* SignUpPresenter.swift in Sources */ = {isa = PBXBuildFile; fileRef = 573BAAD32777878F001258D3 /* SignUpPresenter.swift */; };
		573BAAD82777879C001258D3 /* SignUpDataModel.swift in Sources */ = {isa = PBXBuildFile; fileRef = 573BAAD72777879C001258D3 /* SignUpDataModel.swift */; };
		575F47F4278F3D120025865B /* OnboardingPresenter.swift in Sources */ = {isa = PBXBuildFile; fileRef = 575F47F3278F3D120025865B /* OnboardingPresenter.swift */; };
		575F47F7278F3D1C0025865B /* OnboardingDataModel.swift in Sources */ = {isa = PBXBuildFile; fileRef = 575F47F6278F3D1C0025865B /* OnboardingDataModel.swift */; };
		575F47FA278F3D250025865B /* OnboardingViewController.swift in Sources */ = {isa = PBXBuildFile; fileRef = 575F47F9278F3D250025865B /* OnboardingViewController.swift */; };
		575F47FE278F3DF50025865B /* OnboardingMainTableCell.swift in Sources */ = {isa = PBXBuildFile; fileRef = 575F47FD278F3DF50025865B /* OnboardingMainTableCell.swift */; };
		575F4802278F45920025865B /* CustomScrollView.swift in Sources */ = {isa = PBXBuildFile; fileRef = 575F4801278F45920025865B /* CustomScrollView.swift */; };
		575F4806278F46500025865B /* PanicAttackView.swift in Sources */ = {isa = PBXBuildFile; fileRef = 575F4805278F46500025865B /* PanicAttackView.swift */; };
		575F480A278F468E0025865B /* RelationshipProblemView.swift in Sources */ = {isa = PBXBuildFile; fileRef = 575F4809278F468E0025865B /* RelationshipProblemView.swift */; };
		575F480D278F46A40025865B /* HealthFearView.swift in Sources */ = {isa = PBXBuildFile; fileRef = 575F480C278F46A40025865B /* HealthFearView.swift */; };
		575F4810278F46C10025865B /* EmotionsWorkView.swift in Sources */ = {isa = PBXBuildFile; fileRef = 575F480F278F46C10025865B /* EmotionsWorkView.swift */; };
		5785E99127905C1D00D2A77F /* EmotionCollectionCell.swift in Sources */ = {isa = PBXBuildFile; fileRef = 5785E99027905C1D00D2A77F /* EmotionCollectionCell.swift */; };
		5785E9982796E1C500D2A77F /* CustomTabbarController.swift in Sources */ = {isa = PBXBuildFile; fileRef = 5785E9972796E1C400D2A77F /* CustomTabbarController.swift */; };
		5785E99C2796E1DB00D2A77F /* TabbarView.swift in Sources */ = {isa = PBXBuildFile; fileRef = 5785E99B2796E1DB00D2A77F /* TabbarView.swift */; };
		5785E99F2796E1EF00D2A77F /* TabView.swift in Sources */ = {isa = PBXBuildFile; fileRef = 5785E99E2796E1EF00D2A77F /* TabView.swift */; };
		5785E9A627972D3C00D2A77F /* MainViewController.swift in Sources */ = {isa = PBXBuildFile; fileRef = 5785E9A527972D3C00D2A77F /* MainViewController.swift */; };
		5785E9AA27972D4800D2A77F /* MainPresenter.swift in Sources */ = {isa = PBXBuildFile; fileRef = 5785E9A927972D4800D2A77F /* MainPresenter.swift */; };
		5785E9AE27972D6600D2A77F /* MainDataModel.swift in Sources */ = {isa = PBXBuildFile; fileRef = 5785E9AD27972D6600D2A77F /* MainDataModel.swift */; };
		5785E9B12797303C00D2A77F /* MainPictureTableCell.swift in Sources */ = {isa = PBXBuildFile; fileRef = 5785E9B02797303C00D2A77F /* MainPictureTableCell.swift */; };
		579D1A47278C99F300F492A5 /* LogInEmailViewController.swift in Sources */ = {isa = PBXBuildFile; fileRef = 579D1A46278C99F300F492A5 /* LogInEmailViewController.swift */; };
		579D1A4A278C99FD00F492A5 /* LogInEmailPresenter.swift in Sources */ = {isa = PBXBuildFile; fileRef = 579D1A49278C99FD00F492A5 /* LogInEmailPresenter.swift */; };
		579D1A4D278C9A0A00F492A5 /* LogInEmailDataModel.swift in Sources */ = {isa = PBXBuildFile; fileRef = 579D1A4C278C9A0A00F492A5 /* LogInEmailDataModel.swift */; };
		579D1A51278CA3F800F492A5 /* LogInEmailMainTableCell.swift in Sources */ = {isa = PBXBuildFile; fileRef = 579D1A50278CA3F800F492A5 /* LogInEmailMainTableCell.swift */; };
		579D1A5A278CAD0A00F492A5 /* LogInPhonePresenter.swift in Sources */ = {isa = PBXBuildFile; fileRef = 579D1A59278CAD0A00F492A5 /* LogInPhonePresenter.swift */; };
		579D1A5D278CAD1400F492A5 /* LogInPhoneDataModel.swift in Sources */ = {isa = PBXBuildFile; fileRef = 579D1A5C278CAD1400F492A5 /* LogInPhoneDataModel.swift */; };
		579D1A60278CAD1E00F492A5 /* LogInPhoneViewController.swift in Sources */ = {isa = PBXBuildFile; fileRef = 579D1A5F278CAD1E00F492A5 /* LogInPhoneViewController.swift */; };
		579D1A64278CADBE00F492A5 /* LogInPhoneMainTableCell.swift in Sources */ = {isa = PBXBuildFile; fileRef = 579D1A63278CADBE00F492A5 /* LogInPhoneMainTableCell.swift */; };
		579D1A69278CB2AF00F492A5 /* RestoreEmailPasswordPresenter.swift in Sources */ = {isa = PBXBuildFile; fileRef = 579D1A68278CB2AF00F492A5 /* RestoreEmailPasswordPresenter.swift */; };
		579D1A6C278CB2B800F492A5 /* RestoreEmailPasswordViewController.swift in Sources */ = {isa = PBXBuildFile; fileRef = 579D1A6B278CB2B800F492A5 /* RestoreEmailPasswordViewController.swift */; };
		579D1A6F278CB2C400F492A5 /* RestoreEmailPasswordDataModel.swift in Sources */ = {isa = PBXBuildFile; fileRef = 579D1A6E278CB2C400F492A5 /* RestoreEmailPasswordDataModel.swift */; };
		579D1A73278CB36F00F492A5 /* RestoreEmailPasswordMainTableCell.swift in Sources */ = {isa = PBXBuildFile; fileRef = 579D1A72278CB36F00F492A5 /* RestoreEmailPasswordMainTableCell.swift */; };
		579D1A79278F219B00F492A5 /* MailingPresenter.swift in Sources */ = {isa = PBXBuildFile; fileRef = 579D1A78278F219B00F492A5 /* MailingPresenter.swift */; };
		579D1A7C278F21A600F492A5 /* MailingDataModel.swift in Sources */ = {isa = PBXBuildFile; fileRef = 579D1A7B278F21A600F492A5 /* MailingDataModel.swift */; };
		579D1A7F278F21B100F492A5 /* MailingViewController.swift in Sources */ = {isa = PBXBuildFile; fileRef = 579D1A7E278F21B100F492A5 /* MailingViewController.swift */; };
		579D1A82278F228900F492A5 /* MailingMainTableCell.swift in Sources */ = {isa = PBXBuildFile; fileRef = 579D1A81278F228900F492A5 /* MailingMainTableCell.swift */; };
		57A8398527778AE3003F566B /* SnapKit in Frameworks */ = {isa = PBXBuildFile; productRef = 57A8398427778AE3003F566B /* SnapKit */; };
		57A8398827778AFB003F566B /* Colors.swift in Sources */ = {isa = PBXBuildFile; fileRef = 57A8398727778AFB003F566B /* Colors.swift */; };
		57A8398B27778B52003F566B /* UIFonts + Custom.swift in Sources */ = {isa = PBXBuildFile; fileRef = 57A8398A27778B52003F566B /* UIFonts + Custom.swift */; };
		57A8399827778BE4003F566B /* Lato-BlackItalic.ttf in Resources */ = {isa = PBXBuildFile; fileRef = 57A8398F27778BE0003F566B /* Lato-BlackItalic.ttf */; };
		57A8399927778BE4003F566B /* Lato-Bold.ttf in Resources */ = {isa = PBXBuildFile; fileRef = 57A8398E27778BE0003F566B /* Lato-Bold.ttf */; };
		57A8399A27778BE4003F566B /* Lato-Light.ttf in Resources */ = {isa = PBXBuildFile; fileRef = 57A8399227778BE1003F566B /* Lato-Light.ttf */; };
		57A8399B27778BE4003F566B /* Lato-LightItalic.ttf in Resources */ = {isa = PBXBuildFile; fileRef = 57A8399027778BE0003F566B /* Lato-LightItalic.ttf */; };
		57A8399C27778BE4003F566B /* Lato-Black.ttf in Resources */ = {isa = PBXBuildFile; fileRef = 57A8399127778BE0003F566B /* Lato-Black.ttf */; };
		57A8399D27778BE4003F566B /* Lato-Italic.ttf in Resources */ = {isa = PBXBuildFile; fileRef = 57A8399427778BE1003F566B /* Lato-Italic.ttf */; };
		57A8399E27778BE4003F566B /* Lato-Regular.ttf in Resources */ = {isa = PBXBuildFile; fileRef = 57A8399327778BE1003F566B /* Lato-Regular.ttf */; };
		57A8399F27778BE4003F566B /* Lato-BoldItalic.ttf in Resources */ = {isa = PBXBuildFile; fileRef = 57A8399527778BE1003F566B /* Lato-BoldItalic.ttf */; };
		57A839A027778BE4003F566B /* Lato-Hairline.ttf in Resources */ = {isa = PBXBuildFile; fileRef = 57A8399627778BE1003F566B /* Lato-Hairline.ttf */; };
		57A839A127778BE4003F566B /* Lato-ThinItalic.ttf in Resources */ = {isa = PBXBuildFile; fileRef = 57A8399727778BE1003F566B /* Lato-ThinItalic.ttf */; };
		57CF923827973E07006C3B47 /* MainSearchTableCell.swift in Sources */ = {isa = PBXBuildFile; fileRef = 57CF923727973E07006C3B47 /* MainSearchTableCell.swift */; };
		57CF923B2797526A006C3B47 /* MainPlayedTableCell.swift in Sources */ = {isa = PBXBuildFile; fileRef = 57CF923A2797526A006C3B47 /* MainPlayedTableCell.swift */; };
		57CF923E279763D0006C3B47 /* MainRecomendedHeaderTableCell.swift in Sources */ = {isa = PBXBuildFile; fileRef = 57CF923D279763D0006C3B47 /* MainRecomendedHeaderTableCell.swift */; };
		57CF924127976518006C3B47 /* MainPodcastsHeaderTableCell.swift in Sources */ = {isa = PBXBuildFile; fileRef = 57CF924027976518006C3B47 /* MainPodcastsHeaderTableCell.swift */; };
		57CF924427976728006C3B47 /* MainPodcastTableCell.swift in Sources */ = {isa = PBXBuildFile; fileRef = 57CF924327976728006C3B47 /* MainPodcastTableCell.swift */; };
		57CF924727976985006C3B47 /* MainRecomendedTableCell.swift in Sources */ = {isa = PBXBuildFile; fileRef = 57CF924627976985006C3B47 /* MainRecomendedTableCell.swift */; };
		57CF924B27976A40006C3B47 /* MainRecomendedCollectionCell.swift in Sources */ = {isa = PBXBuildFile; fileRef = 57CF924A27976A40006C3B47 /* MainRecomendedCollectionCell.swift */; };
/* End PBXBuildFile section */

/* Begin PBXFileReference section */
		57048C882777995F0061F5CF /* DataEnterView.swift */ = {isa = PBXFileReference; lastKnownFileType = sourcecode.swift; path = DataEnterView.swift; sourceTree = "<group>"; };
		57048C8E27779F660061F5CF /* UIViewController + Extension.swift */ = {isa = PBXFileReference; lastKnownFileType = sourcecode.swift; path = "UIViewController + Extension.swift"; sourceTree = "<group>"; };
		57048C932777A0E60061F5CF /* SignUpMainTableCell.swift */ = {isa = PBXFileReference; lastKnownFileType = sourcecode.swift; path = SignUpMainTableCell.swift; sourceTree = "<group>"; };
		57048C972777A3CB0061F5CF /* SimpleTextButtonView.swift */ = {isa = PBXFileReference; lastKnownFileType = sourcecode.swift; path = SimpleTextButtonView.swift; sourceTree = "<group>"; };
		571EB27B2777ACF600F1102E /* RegistrationButtonView.swift */ = {isa = PBXFileReference; lastKnownFileType = sourcecode.swift; path = RegistrationButtonView.swift; sourceTree = "<group>"; };
		571EB27F27788CBF00F1102E /* SignUpEmailViewController.swift */ = {isa = PBXFileReference; lastKnownFileType = sourcecode.swift; path = SignUpEmailViewController.swift; sourceTree = "<group>"; };
		571EB28227788CD300F1102E /* SignUpEmailPresenter.swift */ = {isa = PBXFileReference; lastKnownFileType = sourcecode.swift; path = SignUpEmailPresenter.swift; sourceTree = "<group>"; };
		571EB28527788CDF00F1102E /* SignUpEmailDataModel.swift */ = {isa = PBXFileReference; lastKnownFileType = sourcecode.swift; path = SignUpEmailDataModel.swift; sourceTree = "<group>"; };
		571EB28927788E9400F1102E /* SignUpMainEmailTableCell.swift */ = {isa = PBXFileReference; lastKnownFileType = sourcecode.swift; path = SignUpMainEmailTableCell.swift; sourceTree = "<group>"; };
		571EB2942778953B00F1102E /* SignUpPhoneViewController.swift */ = {isa = PBXFileReference; lastKnownFileType = sourcecode.swift; path = SignUpPhoneViewController.swift; sourceTree = "<group>"; };
		571EB2972778954500F1102E /* SignUpPhonePresenter.swift */ = {isa = PBXFileReference; lastKnownFileType = sourcecode.swift; path = SignUpPhonePresenter.swift; sourceTree = "<group>"; };
		571EB29A2778954E00F1102E /* SignUpPhoneDataModel.swift */ = {isa = PBXFileReference; lastKnownFileType = sourcecode.swift; path = SignUpPhoneDataModel.swift; sourceTree = "<group>"; };
		571EB29E277896FB00F1102E /* SignUpPhoneMainTableCell.swift */ = {isa = PBXFileReference; lastKnownFileType = sourcecode.swift; path = SignUpPhoneMainTableCell.swift; sourceTree = "<group>"; };
		571EB2AE277A026200F1102E /* PrivacyPoliticsViewController.swift */ = {isa = PBXFileReference; lastKnownFileType = sourcecode.swift; path = PrivacyPoliticsViewController.swift; sourceTree = "<group>"; };
		571EB2B1277A026C00F1102E /* PrivacyPoliticsPresenter.swift */ = {isa = PBXFileReference; lastKnownFileType = sourcecode.swift; path = PrivacyPoliticsPresenter.swift; sourceTree = "<group>"; };
		571EB2B4277A027700F1102E /* PrivacyPoliticsDataModel.swift */ = {isa = PBXFileReference; lastKnownFileType = sourcecode.swift; path = PrivacyPoliticsDataModel.swift; sourceTree = "<group>"; };
		571EB2B8277A033900F1102E /* PrivacyPoliticsMainTableCell.swift */ = {isa = PBXFileReference; lastKnownFileType = sourcecode.swift; path = PrivacyPoliticsMainTableCell.swift; sourceTree = "<group>"; };
		571EB2BB277A051E00F1102E /* SquareRoundButtonView.swift */ = {isa = PBXFileReference; lastKnownFileType = sourcecode.swift; path = SquareRoundButtonView.swift; sourceTree = "<group>"; };
		571EB2BF277A193800F1102E /* EnterCodeViewController.swift */ = {isa = PBXFileReference; lastKnownFileType = sourcecode.swift; path = EnterCodeViewController.swift; sourceTree = "<group>"; };
		571EB2C3277A194300F1102E /* EnterCodePresenter.swift */ = {isa = PBXFileReference; lastKnownFileType = sourcecode.swift; path = EnterCodePresenter.swift; sourceTree = "<group>"; };
		571EB2C6277A194D00F1102E /* EnterCodeDataModel.swift */ = {isa = PBXFileReference; lastKnownFileType = sourcecode.swift; path = EnterCodeDataModel.swift; sourceTree = "<group>"; };
		571EB2CE277A1B8F00F1102E /* OTPInputView.swift */ = {isa = PBXFileReference; lastKnownFileType = sourcecode.swift; path = OTPInputView.swift; sourceTree = "<group>"; };
		571EB2D3277A1D8C00F1102E /* OTPTextField.swift */ = {isa = PBXFileReference; lastKnownFileType = sourcecode.swift; path = OTPTextField.swift; sourceTree = "<group>"; };
		571EB30C277B8FD100F1102E /* String + EmailValidation.swift */ = {isa = PBXFileReference; lastKnownFileType = sourcecode.swift; path = "String + EmailValidation.swift"; sourceTree = "<group>"; };
		573BAAA9277785E1001258D3 /* meditation.app */ = {isa = PBXFileReference; explicitFileType = wrapper.application; includeInIndex = 0; path = meditation.app; sourceTree = BUILT_PRODUCTS_DIR; };
		573BAAAC277785E1001258D3 /* AppDelegate.swift */ = {isa = PBXFileReference; lastKnownFileType = sourcecode.swift; path = AppDelegate.swift; sourceTree = "<group>"; };
		573BAAAE277785E1001258D3 /* SceneDelegate.swift */ = {isa = PBXFileReference; lastKnownFileType = sourcecode.swift; path = SceneDelegate.swift; sourceTree = "<group>"; };
		573BAAB5277785E7001258D3 /* Assets.xcassets */ = {isa = PBXFileReference; lastKnownFileType = folder.assetcatalog; path = Assets.xcassets; sourceTree = "<group>"; };
		573BAAB8277785E7001258D3 /* Base */ = {isa = PBXFileReference; lastKnownFileType = file.storyboard; name = Base; path = Base.lproj/LaunchScreen.storyboard; sourceTree = "<group>"; };
		573BAABA277785E7001258D3 /* Info.plist */ = {isa = PBXFileReference; lastKnownFileType = text.plist.xml; path = Info.plist; sourceTree = "<group>"; };
		573BAAC22777866E001258D3 /* ModuleBuilder.swift */ = {isa = PBXFileReference; lastKnownFileType = sourcecode.swift; path = ModuleBuilder.swift; sourceTree = "<group>"; };
		573BAAC52777867C001258D3 /* ModuleRouter.swift */ = {isa = PBXFileReference; lastKnownFileType = sourcecode.swift; path = ModuleRouter.swift; sourceTree = "<group>"; };
		573BAAC82777868C001258D3 /* NetworkManager.swift */ = {isa = PBXFileReference; lastKnownFileType = sourcecode.swift; path = NetworkManager.swift; sourceTree = "<group>"; };
		573BAACB2777869D001258D3 /* CommonString.swift */ = {isa = PBXFileReference; lastKnownFileType = sourcecode.swift; path = CommonString.swift; sourceTree = "<group>"; };
		573BAACF27778765001258D3 /* SignUpViewController.swift */ = {isa = PBXFileReference; lastKnownFileType = sourcecode.swift; path = SignUpViewController.swift; sourceTree = "<group>"; };
		573BAAD32777878F001258D3 /* SignUpPresenter.swift */ = {isa = PBXFileReference; lastKnownFileType = sourcecode.swift; path = SignUpPresenter.swift; sourceTree = "<group>"; };
		573BAAD72777879C001258D3 /* SignUpDataModel.swift */ = {isa = PBXFileReference; lastKnownFileType = sourcecode.swift; path = SignUpDataModel.swift; sourceTree = "<group>"; };
		575F47F3278F3D120025865B /* OnboardingPresenter.swift */ = {isa = PBXFileReference; lastKnownFileType = sourcecode.swift; path = OnboardingPresenter.swift; sourceTree = "<group>"; };
		575F47F6278F3D1C0025865B /* OnboardingDataModel.swift */ = {isa = PBXFileReference; lastKnownFileType = sourcecode.swift; path = OnboardingDataModel.swift; sourceTree = "<group>"; };
		575F47F9278F3D250025865B /* OnboardingViewController.swift */ = {isa = PBXFileReference; lastKnownFileType = sourcecode.swift; path = OnboardingViewController.swift; sourceTree = "<group>"; };
		575F47FD278F3DF50025865B /* OnboardingMainTableCell.swift */ = {isa = PBXFileReference; lastKnownFileType = sourcecode.swift; path = OnboardingMainTableCell.swift; sourceTree = "<group>"; };
		575F4801278F45920025865B /* CustomScrollView.swift */ = {isa = PBXFileReference; lastKnownFileType = sourcecode.swift; path = CustomScrollView.swift; sourceTree = "<group>"; };
		575F4805278F46500025865B /* PanicAttackView.swift */ = {isa = PBXFileReference; lastKnownFileType = sourcecode.swift; path = PanicAttackView.swift; sourceTree = "<group>"; };
		575F4809278F468E0025865B /* RelationshipProblemView.swift */ = {isa = PBXFileReference; lastKnownFileType = sourcecode.swift; path = RelationshipProblemView.swift; sourceTree = "<group>"; };
		575F480C278F46A40025865B /* HealthFearView.swift */ = {isa = PBXFileReference; lastKnownFileType = sourcecode.swift; path = HealthFearView.swift; sourceTree = "<group>"; };
		575F480F278F46C10025865B /* EmotionsWorkView.swift */ = {isa = PBXFileReference; lastKnownFileType = sourcecode.swift; path = EmotionsWorkView.swift; sourceTree = "<group>"; };
		5785E99027905C1D00D2A77F /* EmotionCollectionCell.swift */ = {isa = PBXFileReference; lastKnownFileType = sourcecode.swift; path = EmotionCollectionCell.swift; sourceTree = "<group>"; };
		5785E9972796E1C400D2A77F /* CustomTabbarController.swift */ = {isa = PBXFileReference; lastKnownFileType = sourcecode.swift; path = CustomTabbarController.swift; sourceTree = "<group>"; };
		5785E99B2796E1DB00D2A77F /* TabbarView.swift */ = {isa = PBXFileReference; lastKnownFileType = sourcecode.swift; path = TabbarView.swift; sourceTree = "<group>"; };
		5785E99E2796E1EF00D2A77F /* TabView.swift */ = {isa = PBXFileReference; lastKnownFileType = sourcecode.swift; path = TabView.swift; sourceTree = "<group>"; };
		5785E9A527972D3C00D2A77F /* MainViewController.swift */ = {isa = PBXFileReference; lastKnownFileType = sourcecode.swift; path = MainViewController.swift; sourceTree = "<group>"; };
		5785E9A927972D4800D2A77F /* MainPresenter.swift */ = {isa = PBXFileReference; lastKnownFileType = sourcecode.swift; path = MainPresenter.swift; sourceTree = "<group>"; };
		5785E9AD27972D6600D2A77F /* MainDataModel.swift */ = {isa = PBXFileReference; lastKnownFileType = sourcecode.swift; path = MainDataModel.swift; sourceTree = "<group>"; };
		5785E9B02797303C00D2A77F /* MainPictureTableCell.swift */ = {isa = PBXFileReference; lastKnownFileType = sourcecode.swift; path = MainPictureTableCell.swift; sourceTree = "<group>"; };
		579D1A46278C99F300F492A5 /* LogInEmailViewController.swift */ = {isa = PBXFileReference; lastKnownFileType = sourcecode.swift; path = LogInEmailViewController.swift; sourceTree = "<group>"; };
		579D1A49278C99FD00F492A5 /* LogInEmailPresenter.swift */ = {isa = PBXFileReference; lastKnownFileType = sourcecode.swift; path = LogInEmailPresenter.swift; sourceTree = "<group>"; };
		579D1A4C278C9A0A00F492A5 /* LogInEmailDataModel.swift */ = {isa = PBXFileReference; lastKnownFileType = sourcecode.swift; path = LogInEmailDataModel.swift; sourceTree = "<group>"; };
		579D1A50278CA3F800F492A5 /* LogInEmailMainTableCell.swift */ = {isa = PBXFileReference; lastKnownFileType = sourcecode.swift; path = LogInEmailMainTableCell.swift; sourceTree = "<group>"; };
		579D1A59278CAD0A00F492A5 /* LogInPhonePresenter.swift */ = {isa = PBXFileReference; lastKnownFileType = sourcecode.swift; path = LogInPhonePresenter.swift; sourceTree = "<group>"; };
		579D1A5C278CAD1400F492A5 /* LogInPhoneDataModel.swift */ = {isa = PBXFileReference; lastKnownFileType = sourcecode.swift; path = LogInPhoneDataModel.swift; sourceTree = "<group>"; };
		579D1A5F278CAD1E00F492A5 /* LogInPhoneViewController.swift */ = {isa = PBXFileReference; lastKnownFileType = sourcecode.swift; path = LogInPhoneViewController.swift; sourceTree = "<group>"; };
		579D1A63278CADBE00F492A5 /* LogInPhoneMainTableCell.swift */ = {isa = PBXFileReference; lastKnownFileType = sourcecode.swift; path = LogInPhoneMainTableCell.swift; sourceTree = "<group>"; };
		579D1A68278CB2AF00F492A5 /* RestoreEmailPasswordPresenter.swift */ = {isa = PBXFileReference; lastKnownFileType = sourcecode.swift; path = RestoreEmailPasswordPresenter.swift; sourceTree = "<group>"; };
		579D1A6B278CB2B800F492A5 /* RestoreEmailPasswordViewController.swift */ = {isa = PBXFileReference; lastKnownFileType = sourcecode.swift; path = RestoreEmailPasswordViewController.swift; sourceTree = "<group>"; };
		579D1A6E278CB2C400F492A5 /* RestoreEmailPasswordDataModel.swift */ = {isa = PBXFileReference; lastKnownFileType = sourcecode.swift; path = RestoreEmailPasswordDataModel.swift; sourceTree = "<group>"; };
		579D1A72278CB36F00F492A5 /* RestoreEmailPasswordMainTableCell.swift */ = {isa = PBXFileReference; lastKnownFileType = sourcecode.swift; path = RestoreEmailPasswordMainTableCell.swift; sourceTree = "<group>"; };
		579D1A78278F219B00F492A5 /* MailingPresenter.swift */ = {isa = PBXFileReference; lastKnownFileType = sourcecode.swift; path = MailingPresenter.swift; sourceTree = "<group>"; };
		579D1A7B278F21A600F492A5 /* MailingDataModel.swift */ = {isa = PBXFileReference; lastKnownFileType = sourcecode.swift; path = MailingDataModel.swift; sourceTree = "<group>"; };
		579D1A7E278F21B100F492A5 /* MailingViewController.swift */ = {isa = PBXFileReference; lastKnownFileType = sourcecode.swift; path = MailingViewController.swift; sourceTree = "<group>"; };
		579D1A81278F228900F492A5 /* MailingMainTableCell.swift */ = {isa = PBXFileReference; lastKnownFileType = sourcecode.swift; path = MailingMainTableCell.swift; sourceTree = "<group>"; };
		57A8398727778AFB003F566B /* Colors.swift */ = {isa = PBXFileReference; lastKnownFileType = sourcecode.swift; path = Colors.swift; sourceTree = "<group>"; };
		57A8398A27778B52003F566B /* UIFonts + Custom.swift */ = {isa = PBXFileReference; lastKnownFileType = sourcecode.swift; path = "UIFonts + Custom.swift"; sourceTree = "<group>"; };
		57A8398E27778BE0003F566B /* Lato-Bold.ttf */ = {isa = PBXFileReference; lastKnownFileType = file; path = "Lato-Bold.ttf"; sourceTree = "<group>"; };
		57A8398F27778BE0003F566B /* Lato-BlackItalic.ttf */ = {isa = PBXFileReference; lastKnownFileType = file; path = "Lato-BlackItalic.ttf"; sourceTree = "<group>"; };
		57A8399027778BE0003F566B /* Lato-LightItalic.ttf */ = {isa = PBXFileReference; lastKnownFileType = file; path = "Lato-LightItalic.ttf"; sourceTree = "<group>"; };
		57A8399127778BE0003F566B /* Lato-Black.ttf */ = {isa = PBXFileReference; lastKnownFileType = file; path = "Lato-Black.ttf"; sourceTree = "<group>"; };
		57A8399227778BE1003F566B /* Lato-Light.ttf */ = {isa = PBXFileReference; lastKnownFileType = file; path = "Lato-Light.ttf"; sourceTree = "<group>"; };
		57A8399327778BE1003F566B /* Lato-Regular.ttf */ = {isa = PBXFileReference; lastKnownFileType = file; path = "Lato-Regular.ttf"; sourceTree = "<group>"; };
		57A8399427778BE1003F566B /* Lato-Italic.ttf */ = {isa = PBXFileReference; lastKnownFileType = file; path = "Lato-Italic.ttf"; sourceTree = "<group>"; };
		57A8399527778BE1003F566B /* Lato-BoldItalic.ttf */ = {isa = PBXFileReference; lastKnownFileType = file; path = "Lato-BoldItalic.ttf"; sourceTree = "<group>"; };
		57A8399627778BE1003F566B /* Lato-Hairline.ttf */ = {isa = PBXFileReference; lastKnownFileType = file; path = "Lato-Hairline.ttf"; sourceTree = "<group>"; };
		57A8399727778BE1003F566B /* Lato-ThinItalic.ttf */ = {isa = PBXFileReference; lastKnownFileType = file; path = "Lato-ThinItalic.ttf"; sourceTree = "<group>"; };
		57CF923727973E07006C3B47 /* MainSearchTableCell.swift */ = {isa = PBXFileReference; lastKnownFileType = sourcecode.swift; path = MainSearchTableCell.swift; sourceTree = "<group>"; };
		57CF923A2797526A006C3B47 /* MainPlayedTableCell.swift */ = {isa = PBXFileReference; lastKnownFileType = sourcecode.swift; path = MainPlayedTableCell.swift; sourceTree = "<group>"; };
		57CF923D279763D0006C3B47 /* MainRecomendedHeaderTableCell.swift */ = {isa = PBXFileReference; lastKnownFileType = sourcecode.swift; path = MainRecomendedHeaderTableCell.swift; sourceTree = "<group>"; };
		57CF924027976518006C3B47 /* MainPodcastsHeaderTableCell.swift */ = {isa = PBXFileReference; lastKnownFileType = sourcecode.swift; path = MainPodcastsHeaderTableCell.swift; sourceTree = "<group>"; };
		57CF924327976728006C3B47 /* MainPodcastTableCell.swift */ = {isa = PBXFileReference; lastKnownFileType = sourcecode.swift; path = MainPodcastTableCell.swift; sourceTree = "<group>"; };
		57CF924627976985006C3B47 /* MainRecomendedTableCell.swift */ = {isa = PBXFileReference; lastKnownFileType = sourcecode.swift; path = MainRecomendedTableCell.swift; sourceTree = "<group>"; };
		57CF924A27976A40006C3B47 /* MainRecomendedCollectionCell.swift */ = {isa = PBXFileReference; lastKnownFileType = sourcecode.swift; path = MainRecomendedCollectionCell.swift; sourceTree = "<group>"; };
/* End PBXFileReference section */

/* Begin PBXFrameworksBuildPhase section */
		573BAAA6277785E1001258D3 /* Frameworks */ = {
			isa = PBXFrameworksBuildPhase;
			buildActionMask = 2147483647;
			files = (
				57A8398527778AE3003F566B /* SnapKit in Frameworks */,
			);
			runOnlyForDeploymentPostprocessing = 0;
		};
/* End PBXFrameworksBuildPhase section */

/* Begin PBXGroup section */
		57048C87277799430061F5CF /* CustomViews */ = {
			isa = PBXGroup;
			children = (
				57048C882777995F0061F5CF /* DataEnterView.swift */,
				575F4801278F45920025865B /* CustomScrollView.swift */,
				57048C972777A3CB0061F5CF /* SimpleTextButtonView.swift */,
				571EB27B2777ACF600F1102E /* RegistrationButtonView.swift */,
				571EB2BB277A051E00F1102E /* SquareRoundButtonView.swift */,
				571EB2D2277A1D6B00F1102E /* OTP */,
			);
			path = CustomViews;
			sourceTree = "<group>";
		};
		57048C8D27779F4A0061F5CF /* Extensions */ = {
			isa = PBXGroup;
			children = (
				57048C8E27779F660061F5CF /* UIViewController + Extension.swift */,
				571EB30C277B8FD100F1102E /* String + EmailValidation.swift */,
			);
			path = Extensions;
			sourceTree = "<group>";
		};
		57048C922777A0D50061F5CF /* Cells */ = {
			isa = PBXGroup;
			children = (
				57048C932777A0E60061F5CF /* SignUpMainTableCell.swift */,
			);
			path = Cells;
			sourceTree = "<group>";
		};
		571EB27E27788C8D00F1102E /* SignUpEmailModule */ = {
			isa = PBXGroup;
			children = (
				571EB27F27788CBF00F1102E /* SignUpEmailViewController.swift */,
				571EB28227788CD300F1102E /* SignUpEmailPresenter.swift */,
				571EB28527788CDF00F1102E /* SignUpEmailDataModel.swift */,
				571EB28827788E7E00F1102E /* Cells */,
			);
			path = SignUpEmailModule;
			sourceTree = "<group>";
		};
		571EB28827788E7E00F1102E /* Cells */ = {
			isa = PBXGroup;
			children = (
				571EB28927788E9400F1102E /* SignUpMainEmailTableCell.swift */,
			);
			path = Cells;
			sourceTree = "<group>";
		};
		571EB2932778951600F1102E /* SignUpPhoneModule */ = {
			isa = PBXGroup;
			children = (
				571EB2942778953B00F1102E /* SignUpPhoneViewController.swift */,
				571EB2972778954500F1102E /* SignUpPhonePresenter.swift */,
				571EB29A2778954E00F1102E /* SignUpPhoneDataModel.swift */,
				571EB29D277896E600F1102E /* Cells */,
			);
			path = SignUpPhoneModule;
			sourceTree = "<group>";
		};
		571EB29D277896E600F1102E /* Cells */ = {
			isa = PBXGroup;
			children = (
				571EB29E277896FB00F1102E /* SignUpPhoneMainTableCell.swift */,
			);
			path = Cells;
			sourceTree = "<group>";
		};
		571EB2AD277A023800F1102E /* PrivacyPoliticsModule */ = {
			isa = PBXGroup;
			children = (
				571EB2AE277A026200F1102E /* PrivacyPoliticsViewController.swift */,
				571EB2B1277A026C00F1102E /* PrivacyPoliticsPresenter.swift */,
				571EB2B4277A027700F1102E /* PrivacyPoliticsDataModel.swift */,
				571EB2B7277A032500F1102E /* Cells */,
			);
			path = PrivacyPoliticsModule;
			sourceTree = "<group>";
		};
		571EB2B7277A032500F1102E /* Cells */ = {
			isa = PBXGroup;
			children = (
				571EB2B8277A033900F1102E /* PrivacyPoliticsMainTableCell.swift */,
			);
			path = Cells;
			sourceTree = "<group>";
		};
		571EB2BE277A191C00F1102E /* EnterCodeModule */ = {
			isa = PBXGroup;
			children = (
				571EB2BF277A193800F1102E /* EnterCodeViewController.swift */,
				571EB2C3277A194300F1102E /* EnterCodePresenter.swift */,
				571EB2C6277A194D00F1102E /* EnterCodeDataModel.swift */,
				571EB2C9277A19E500F1102E /* Cells */,
			);
			path = EnterCodeModule;
			sourceTree = "<group>";
		};
		571EB2C9277A19E500F1102E /* Cells */ = {
			isa = PBXGroup;
			children = (
			);
			path = Cells;
			sourceTree = "<group>";
		};
		571EB2D2277A1D6B00F1102E /* OTP */ = {
			isa = PBXGroup;
			children = (
				571EB2CE277A1B8F00F1102E /* OTPInputView.swift */,
				571EB2D3277A1D8C00F1102E /* OTPTextField.swift */,
			);
			path = OTP;
			sourceTree = "<group>";
		};
		573BAAA0277785E1001258D3 = {
			isa = PBXGroup;
			children = (
				573BAAAB277785E1001258D3 /* meditation */,
				573BAAAA277785E1001258D3 /* Products */,
			);
			sourceTree = "<group>";
		};
		573BAAAA277785E1001258D3 /* Products */ = {
			isa = PBXGroup;
			children = (
				573BAAA9277785E1001258D3 /* meditation.app */,
			);
			name = Products;
			sourceTree = "<group>";
		};
		573BAAAB277785E1001258D3 /* meditation */ = {
			isa = PBXGroup;
			children = (
				573BAAAC277785E1001258D3 /* AppDelegate.swift */,
				573BAAAE277785E1001258D3 /* SceneDelegate.swift */,
				5785E9A327972D1700D2A77F /* MainModule */,
				57048C8D27779F4A0061F5CF /* Extensions */,
				573BAAD227778768001258D3 /* SignUpModule */,
				571EB27E27788C8D00F1102E /* SignUpEmailModule */,
				571EB2932778951600F1102E /* SignUpPhoneModule */,
				571EB2AD277A023800F1102E /* PrivacyPoliticsModule */,
				571EB2BE277A191C00F1102E /* EnterCodeModule */,
				579D1A45278C994100F492A5 /* LoginEmailModule */,
				579D1A58278CACE100F492A5 /* LogInPhoneModule */,
				579D1A67278CB28700F492A5 /* RestoreEmailPasswordModule */,
				579D1A77278F215E00F492A5 /* MailingModule */,
				575F47F2278F2A600025865B /* OnboardingModule */,
				5785E9962796E1A500D2A77F /* CustomTabbar */,
				57048C87277799430061F5CF /* CustomViews */,
				573BAAC12777864D001258D3 /* Common */,
				573BAAB5277785E7001258D3 /* Assets.xcassets */,
				573BAAB7277785E7001258D3 /* LaunchScreen.storyboard */,
				573BAABA277785E7001258D3 /* Info.plist */,
			);
			path = meditation;
			sourceTree = "<group>";
		};
		573BAAC12777864D001258D3 /* Common */ = {
			isa = PBXGroup;
			children = (
				573BAAC22777866E001258D3 /* ModuleBuilder.swift */,
				573BAAC52777867C001258D3 /* ModuleRouter.swift */,
				573BAAC82777868C001258D3 /* NetworkManager.swift */,
				573BAACB2777869D001258D3 /* CommonString.swift */,
				57A8398727778AFB003F566B /* Colors.swift */,
				57A8398A27778B52003F566B /* UIFonts + Custom.swift */,
				57A8398D27778BA9003F566B /* Fonts */,
			);
			path = Common;
			sourceTree = "<group>";
		};
		573BAAD227778768001258D3 /* SignUpModule */ = {
			isa = PBXGroup;
			children = (
				573BAACF27778765001258D3 /* SignUpViewController.swift */,
				573BAAD32777878F001258D3 /* SignUpPresenter.swift */,
				573BAAD72777879C001258D3 /* SignUpDataModel.swift */,
				57048C922777A0D50061F5CF /* Cells */,
			);
			path = SignUpModule;
			sourceTree = "<group>";
		};
		575F47F2278F2A600025865B /* OnboardingModule */ = {
			isa = PBXGroup;
			children = (
				575F47F3278F3D120025865B /* OnboardingPresenter.swift */,
				575F47F6278F3D1C0025865B /* OnboardingDataModel.swift */,
				575F47F9278F3D250025865B /* OnboardingViewController.swift */,
				575F4804278F46320025865B /* Views */,
				575F47FC278F3DDD0025865B /* Cells */,
			);
			path = OnboardingModule;
			sourceTree = "<group>";
		};
		575F47FC278F3DDD0025865B /* Cells */ = {
			isa = PBXGroup;
			children = (
				575F47FD278F3DF50025865B /* OnboardingMainTableCell.swift */,
			);
			path = Cells;
			sourceTree = "<group>";
		};
		575F4804278F46320025865B /* Views */ = {
			isa = PBXGroup;
			children = (
				575F4805278F46500025865B /* PanicAttackView.swift */,
				575F4809278F468E0025865B /* RelationshipProblemView.swift */,
				575F480C278F46A40025865B /* HealthFearView.swift */,
				575F480F278F46C10025865B /* EmotionsWorkView.swift */,
				5785E98F27905BF200D2A77F /* Cells */,
			);
			path = Views;
			sourceTree = "<group>";
		};
		5785E98F27905BF200D2A77F /* Cells */ = {
			isa = PBXGroup;
			children = (
				5785E99027905C1D00D2A77F /* EmotionCollectionCell.swift */,
			);
			path = Cells;
			sourceTree = "<group>";
		};
		5785E9962796E1A500D2A77F /* CustomTabbar */ = {
			isa = PBXGroup;
			children = (
				5785E9972796E1C400D2A77F /* CustomTabbarController.swift */,
				5785E99B2796E1DB00D2A77F /* TabbarView.swift */,
				5785E99E2796E1EF00D2A77F /* TabView.swift */,
			);
			path = CustomTabbar;
			sourceTree = "<group>";
		};
		5785E9A327972D1700D2A77F /* MainModule */ = {
			isa = PBXGroup;
			children = (
				5785E9A927972D4800D2A77F /* MainPresenter.swift */,
				5785E9AD27972D6600D2A77F /* MainDataModel.swift */,
				5785E9A527972D3C00D2A77F /* MainViewController.swift */,
				5785E9A427972D2C00D2A77F /* Cells */,
			);
			path = MainModule;
			sourceTree = "<group>";
		};
		5785E9A427972D2C00D2A77F /* Cells */ = {
			isa = PBXGroup;
			children = (
				5785E9B02797303C00D2A77F /* MainPictureTableCell.swift */,
				57CF923727973E07006C3B47 /* MainSearchTableCell.swift */,
				57CF923A2797526A006C3B47 /* MainPlayedTableCell.swift */,
				57CF923D279763D0006C3B47 /* MainRecomendedHeaderTableCell.swift */,
				57CF924627976985006C3B47 /* MainRecomendedTableCell.swift */,
				57CF924027976518006C3B47 /* MainPodcastsHeaderTableCell.swift */,
				57CF924327976728006C3B47 /* MainPodcastTableCell.swift */,
				57CF924927976A2B006C3B47 /* Cells */,
			);
			path = Cells;
			sourceTree = "<group>";
		};
		579D1A45278C994100F492A5 /* LoginEmailModule */ = {
			isa = PBXGroup;
			children = (
				579D1A46278C99F300F492A5 /* LogInEmailViewController.swift */,
				579D1A49278C99FD00F492A5 /* LogInEmailPresenter.swift */,
				579D1A4C278C9A0A00F492A5 /* LogInEmailDataModel.swift */,
				579D1A4F278CA3E300F492A5 /* Cells */,
			);
			path = LoginEmailModule;
			sourceTree = "<group>";
		};
		579D1A4F278CA3E300F492A5 /* Cells */ = {
			isa = PBXGroup;
			children = (
				579D1A50278CA3F800F492A5 /* LogInEmailMainTableCell.swift */,
			);
			path = Cells;
			sourceTree = "<group>";
		};
		579D1A58278CACE100F492A5 /* LogInPhoneModule */ = {
			isa = PBXGroup;
			children = (
				579D1A59278CAD0A00F492A5 /* LogInPhonePresenter.swift */,
				579D1A5C278CAD1400F492A5 /* LogInPhoneDataModel.swift */,
				579D1A5F278CAD1E00F492A5 /* LogInPhoneViewController.swift */,
				579D1A62278CADAA00F492A5 /* Cells */,
			);
			path = LogInPhoneModule;
			sourceTree = "<group>";
		};
		579D1A62278CADAA00F492A5 /* Cells */ = {
			isa = PBXGroup;
			children = (
				579D1A63278CADBE00F492A5 /* LogInPhoneMainTableCell.swift */,
			);
			path = Cells;
			sourceTree = "<group>";
		};
		579D1A67278CB28700F492A5 /* RestoreEmailPasswordModule */ = {
			isa = PBXGroup;
			children = (
				579D1A68278CB2AF00F492A5 /* RestoreEmailPasswordPresenter.swift */,
				579D1A6B278CB2B800F492A5 /* RestoreEmailPasswordViewController.swift */,
				579D1A6E278CB2C400F492A5 /* RestoreEmailPasswordDataModel.swift */,
				579D1A71278CB35100F492A5 /* Cells */,
			);
			path = RestoreEmailPasswordModule;
			sourceTree = "<group>";
		};
		579D1A71278CB35100F492A5 /* Cells */ = {
			isa = PBXGroup;
			children = (
				579D1A72278CB36F00F492A5 /* RestoreEmailPasswordMainTableCell.swift */,
			);
			path = Cells;
			sourceTree = "<group>";
		};
		579D1A77278F215E00F492A5 /* MailingModule */ = {
			isa = PBXGroup;
			children = (
				579D1A78278F219B00F492A5 /* MailingPresenter.swift */,
				579D1A7E278F21B100F492A5 /* MailingViewController.swift */,
				579D1A7B278F21A600F492A5 /* MailingDataModel.swift */,
				579D1A85278F228C00F492A5 /* Cells */,
			);
			path = MailingModule;
			sourceTree = "<group>";
		};
		579D1A85278F228C00F492A5 /* Cells */ = {
			isa = PBXGroup;
			children = (
				579D1A81278F228900F492A5 /* MailingMainTableCell.swift */,
			);
			path = Cells;
			sourceTree = "<group>";
		};
		57A8398D27778BA9003F566B /* Fonts */ = {
			isa = PBXGroup;
			children = (
				57A8399327778BE1003F566B /* Lato-Regular.ttf */,
				57A8399627778BE1003F566B /* Lato-Hairline.ttf */,
				57A8398E27778BE0003F566B /* Lato-Bold.ttf */,
				57A8399127778BE0003F566B /* Lato-Black.ttf */,
				57A8398F27778BE0003F566B /* Lato-BlackItalic.ttf */,
				57A8399527778BE1003F566B /* Lato-BoldItalic.ttf */,
				57A8399427778BE1003F566B /* Lato-Italic.ttf */,
				57A8399227778BE1003F566B /* Lato-Light.ttf */,
				57A8399027778BE0003F566B /* Lato-LightItalic.ttf */,
				57A8399727778BE1003F566B /* Lato-ThinItalic.ttf */,
			);
			path = Fonts;
			sourceTree = "<group>";
		};
		57CF924927976A2B006C3B47 /* Cells */ = {
			isa = PBXGroup;
			children = (
				57CF924A27976A40006C3B47 /* MainRecomendedCollectionCell.swift */,
			);
			path = Cells;
			sourceTree = "<group>";
		};
/* End PBXGroup section */

/* Begin PBXNativeTarget section */
		573BAAA8277785E1001258D3 /* meditation */ = {
			isa = PBXNativeTarget;
			buildConfigurationList = 573BAABD277785E7001258D3 /* Build configuration list for PBXNativeTarget "meditation" */;
			buildPhases = (
				573BAAA5277785E1001258D3 /* Sources */,
				573BAAA6277785E1001258D3 /* Frameworks */,
				573BAAA7277785E1001258D3 /* Resources */,
			);
			buildRules = (
			);
			dependencies = (
			);
			name = meditation;
			packageProductDependencies = (
				57A8398427778AE3003F566B /* SnapKit */,
			);
			productName = meditation;
			productReference = 573BAAA9277785E1001258D3 /* meditation.app */;
			productType = "com.apple.product-type.application";
		};
/* End PBXNativeTarget section */

/* Begin PBXProject section */
		573BAAA1277785E1001258D3 /* Project object */ = {
			isa = PBXProject;
			attributes = {
				LastSwiftUpdateCheck = 1240;
				LastUpgradeCheck = 1240;
				TargetAttributes = {
					573BAAA8277785E1001258D3 = {
						CreatedOnToolsVersion = 12.4;
					};
				};
			};
			buildConfigurationList = 573BAAA4277785E1001258D3 /* Build configuration list for PBXProject "meditation" */;
			compatibilityVersion = "Xcode 9.3";
			developmentRegion = en;
			hasScannedForEncodings = 0;
			knownRegions = (
				en,
				Base,
			);
			mainGroup = 573BAAA0277785E1001258D3;
			packageReferences = (
				57A8398327778AE3003F566B /* XCRemoteSwiftPackageReference "SnapKit" */,
			);
			productRefGroup = 573BAAAA277785E1001258D3 /* Products */;
			projectDirPath = "";
			projectRoot = "";
			targets = (
				573BAAA8277785E1001258D3 /* meditation */,
			);
		};
/* End PBXProject section */

/* Begin PBXResourcesBuildPhase section */
		573BAAA7277785E1001258D3 /* Resources */ = {
			isa = PBXResourcesBuildPhase;
			buildActionMask = 2147483647;
			files = (
				57A8399827778BE4003F566B /* Lato-BlackItalic.ttf in Resources */,
				57A839A027778BE4003F566B /* Lato-Hairline.ttf in Resources */,
				57A8399927778BE4003F566B /* Lato-Bold.ttf in Resources */,
				573BAAB9277785E7001258D3 /* LaunchScreen.storyboard in Resources */,
				57A8399A27778BE4003F566B /* Lato-Light.ttf in Resources */,
				57A8399F27778BE4003F566B /* Lato-BoldItalic.ttf in Resources */,
				57A8399C27778BE4003F566B /* Lato-Black.ttf in Resources */,
				573BAAB6277785E7001258D3 /* Assets.xcassets in Resources */,
				57A8399E27778BE4003F566B /* Lato-Regular.ttf in Resources */,
				57A8399D27778BE4003F566B /* Lato-Italic.ttf in Resources */,
				57A839A127778BE4003F566B /* Lato-ThinItalic.ttf in Resources */,
				57A8399B27778BE4003F566B /* Lato-LightItalic.ttf in Resources */,
			);
			runOnlyForDeploymentPostprocessing = 0;
		};
/* End PBXResourcesBuildPhase section */

/* Begin PBXSourcesBuildPhase section */
		573BAAA5277785E1001258D3 /* Sources */ = {
			isa = PBXSourcesBuildPhase;
			buildActionMask = 2147483647;
			files = (
				579D1A6F278CB2C400F492A5 /* RestoreEmailPasswordDataModel.swift in Sources */,
				571EB2C0277A193800F1102E /* EnterCodeViewController.swift in Sources */,
				579D1A82278F228900F492A5 /* MailingMainTableCell.swift in Sources */,
				57CF924727976985006C3B47 /* MainRecomendedTableCell.swift in Sources */,
				579D1A64278CADBE00F492A5 /* LogInPhoneMainTableCell.swift in Sources */,
				579D1A4A278C99FD00F492A5 /* LogInEmailPresenter.swift in Sources */,
				579D1A4D278C9A0A00F492A5 /* LogInEmailDataModel.swift in Sources */,
				575F480A278F468E0025865B /* RelationshipProblemView.swift in Sources */,
				573BAACC2777869D001258D3 /* CommonString.swift in Sources */,
				575F47F4278F3D120025865B /* OnboardingPresenter.swift in Sources */,
				57048C892777995F0061F5CF /* DataEnterView.swift in Sources */,
				5785E9B12797303C00D2A77F /* MainPictureTableCell.swift in Sources */,
				57A8398827778AFB003F566B /* Colors.swift in Sources */,
				571EB28A27788E9400F1102E /* SignUpMainEmailTableCell.swift in Sources */,
				579D1A51278CA3F800F492A5 /* LogInEmailMainTableCell.swift in Sources */,
				57048C942777A0E60061F5CF /* SignUpMainTableCell.swift in Sources */,
				5785E9A627972D3C00D2A77F /* MainViewController.swift in Sources */,
				57CF923827973E07006C3B47 /* MainSearchTableCell.swift in Sources */,
				57A8398B27778B52003F566B /* UIFonts + Custom.swift in Sources */,
				571EB2B2277A026C00F1102E /* PrivacyPoliticsPresenter.swift in Sources */,
				571EB29F277896FB00F1102E /* SignUpPhoneMainTableCell.swift in Sources */,
				571EB28027788CBF00F1102E /* SignUpEmailViewController.swift in Sources */,
				5785E9AA27972D4800D2A77F /* MainPresenter.swift in Sources */,
				571EB2AF277A026200F1102E /* PrivacyPoliticsViewController.swift in Sources */,
				571EB2982778954500F1102E /* SignUpPhonePresenter.swift in Sources */,
				571EB2B5277A027700F1102E /* PrivacyPoliticsDataModel.swift in Sources */,
				575F4810278F46C10025865B /* EmotionsWorkView.swift in Sources */,
				575F47FE278F3DF50025865B /* OnboardingMainTableCell.swift in Sources */,
				573BAAD027778765001258D3 /* SignUpViewController.swift in Sources */,
				579D1A6C278CB2B800F492A5 /* RestoreEmailPasswordViewController.swift in Sources */,
				571EB28627788CDF00F1102E /* SignUpEmailDataModel.swift in Sources */,
				5785E99F2796E1EF00D2A77F /* TabView.swift in Sources */,
				573BAAC92777868C001258D3 /* NetworkManager.swift in Sources */,
				57CF923B2797526A006C3B47 /* MainPlayedTableCell.swift in Sources */,
				57CF924127976518006C3B47 /* MainPodcastsHeaderTableCell.swift in Sources */,
				573BAAD82777879C001258D3 /* SignUpDataModel.swift in Sources */,
				571EB2CF277A1B8F00F1102E /* OTPInputView.swift in Sources */,
				571EB30D277B8FD100F1102E /* String + EmailValidation.swift in Sources */,
				571EB2BC277A051E00F1102E /* SquareRoundButtonView.swift in Sources */,
				57CF923E279763D0006C3B47 /* MainRecomendedHeaderTableCell.swift in Sources */,
				571EB29B2778954E00F1102E /* SignUpPhoneDataModel.swift in Sources */,
				575F4802278F45920025865B /* CustomScrollView.swift in Sources */,
				579D1A69278CB2AF00F492A5 /* RestoreEmailPasswordPresenter.swift in Sources */,
				579D1A73278CB36F00F492A5 /* RestoreEmailPasswordMainTableCell.swift in Sources */,
				573BAAC62777867C001258D3 /* ModuleRouter.swift in Sources */,
				5785E99C2796E1DB00D2A77F /* TabbarView.swift in Sources */,
				575F4806278F46500025865B /* PanicAttackView.swift in Sources */,
				5785E99127905C1D00D2A77F /* EmotionCollectionCell.swift in Sources */,
				575F47F7278F3D1C0025865B /* OnboardingDataModel.swift in Sources */,
				579D1A5D278CAD1400F492A5 /* LogInPhoneDataModel.swift in Sources */,
				57CF924427976728006C3B47 /* MainPodcastTableCell.swift in Sources */,
				571EB27C2777ACF600F1102E /* RegistrationButtonView.swift in Sources */,
				579D1A7C278F21A600F492A5 /* MailingDataModel.swift in Sources */,
				571EB2B9277A033900F1102E /* PrivacyPoliticsMainTableCell.swift in Sources */,
				575F480D278F46A40025865B /* HealthFearView.swift in Sources */,
				5785E9982796E1C500D2A77F /* CustomTabbarController.swift in Sources */,
				579D1A7F278F21B100F492A5 /* MailingViewController.swift in Sources */,
				571EB2C4277A194300F1102E /* EnterCodePresenter.swift in Sources */,
				571EB2C7277A194D00F1102E /* EnterCodeDataModel.swift in Sources */,
				571EB28327788CD300F1102E /* SignUpEmailPresenter.swift in Sources */,
				573BAAAD277785E1001258D3 /* AppDelegate.swift in Sources */,
				573BAAAF277785E1001258D3 /* SceneDelegate.swift in Sources */,
				57CF924B27976A40006C3B47 /* MainRecomendedCollectionCell.swift in Sources */,
				575F47FA278F3D250025865B /* OnboardingViewController.swift in Sources */,
				5785E9AE27972D6600D2A77F /* MainDataModel.swift in Sources */,
				579D1A47278C99F300F492A5 /* LogInEmailViewController.swift in Sources */,
				571EB2D4277A1D8C00F1102E /* OTPTextField.swift in Sources */,
				571EB2952778953B00F1102E /* SignUpPhoneViewController.swift in Sources */,
				573BAAD42777878F001258D3 /* SignUpPresenter.swift in Sources */,
				579D1A79278F219B00F492A5 /* MailingPresenter.swift in Sources */,
				579D1A60278CAD1E00F492A5 /* LogInPhoneViewController.swift in Sources */,
				57048C8F27779F660061F5CF /* UIViewController + Extension.swift in Sources */,
				573BAAC32777866E001258D3 /* ModuleBuilder.swift in Sources */,
				57048C982777A3CB0061F5CF /* SimpleTextButtonView.swift in Sources */,
				579D1A5A278CAD0A00F492A5 /* LogInPhonePresenter.swift in Sources */,
			);
			runOnlyForDeploymentPostprocessing = 0;
		};
/* End PBXSourcesBuildPhase section */

/* Begin PBXVariantGroup section */
		573BAAB7277785E7001258D3 /* LaunchScreen.storyboard */ = {
			isa = PBXVariantGroup;
			children = (
				573BAAB8277785E7001258D3 /* Base */,
			);
			name = LaunchScreen.storyboard;
			sourceTree = "<group>";
		};
/* End PBXVariantGroup section */

/* Begin XCBuildConfiguration section */
		573BAABB277785E7001258D3 /* Debug */ = {
			isa = XCBuildConfiguration;
			buildSettings = {
				ALWAYS_SEARCH_USER_PATHS = NO;
				CLANG_ANALYZER_NONNULL = YES;
				CLANG_ANALYZER_NUMBER_OBJECT_CONVERSION = YES_AGGRESSIVE;
				CLANG_CXX_LANGUAGE_STANDARD = "gnu++14";
				CLANG_CXX_LIBRARY = "libc++";
				CLANG_ENABLE_MODULES = YES;
				CLANG_ENABLE_OBJC_ARC = YES;
				CLANG_ENABLE_OBJC_WEAK = YES;
				CLANG_WARN_BLOCK_CAPTURE_AUTORELEASING = YES;
				CLANG_WARN_BOOL_CONVERSION = YES;
				CLANG_WARN_COMMA = YES;
				CLANG_WARN_CONSTANT_CONVERSION = YES;
				CLANG_WARN_DEPRECATED_OBJC_IMPLEMENTATIONS = YES;
				CLANG_WARN_DIRECT_OBJC_ISA_USAGE = YES_ERROR;
				CLANG_WARN_DOCUMENTATION_COMMENTS = YES;
				CLANG_WARN_EMPTY_BODY = YES;
				CLANG_WARN_ENUM_CONVERSION = YES;
				CLANG_WARN_INFINITE_RECURSION = YES;
				CLANG_WARN_INT_CONVERSION = YES;
				CLANG_WARN_NON_LITERAL_NULL_CONVERSION = YES;
				CLANG_WARN_OBJC_IMPLICIT_RETAIN_SELF = YES;
				CLANG_WARN_OBJC_LITERAL_CONVERSION = YES;
				CLANG_WARN_OBJC_ROOT_CLASS = YES_ERROR;
				CLANG_WARN_QUOTED_INCLUDE_IN_FRAMEWORK_HEADER = YES;
				CLANG_WARN_RANGE_LOOP_ANALYSIS = YES;
				CLANG_WARN_STRICT_PROTOTYPES = YES;
				CLANG_WARN_SUSPICIOUS_MOVE = YES;
				CLANG_WARN_UNGUARDED_AVAILABILITY = YES_AGGRESSIVE;
				CLANG_WARN_UNREACHABLE_CODE = YES;
				CLANG_WARN__DUPLICATE_METHOD_MATCH = YES;
				COPY_PHASE_STRIP = NO;
				DEBUG_INFORMATION_FORMAT = dwarf;
				ENABLE_STRICT_OBJC_MSGSEND = YES;
				ENABLE_TESTABILITY = YES;
				GCC_C_LANGUAGE_STANDARD = gnu11;
				GCC_DYNAMIC_NO_PIC = NO;
				GCC_NO_COMMON_BLOCKS = YES;
				GCC_OPTIMIZATION_LEVEL = 0;
				GCC_PREPROCESSOR_DEFINITIONS = (
					"DEBUG=1",
					"$(inherited)",
				);
				GCC_WARN_64_TO_32_BIT_CONVERSION = YES;
				GCC_WARN_ABOUT_RETURN_TYPE = YES_ERROR;
				GCC_WARN_UNDECLARED_SELECTOR = YES;
				GCC_WARN_UNINITIALIZED_AUTOS = YES_AGGRESSIVE;
				GCC_WARN_UNUSED_FUNCTION = YES;
				GCC_WARN_UNUSED_VARIABLE = YES;
				IPHONEOS_DEPLOYMENT_TARGET = 14.4;
				MTL_ENABLE_DEBUG_INFO = INCLUDE_SOURCE;
				MTL_FAST_MATH = YES;
				ONLY_ACTIVE_ARCH = YES;
				SDKROOT = iphoneos;
				SWIFT_ACTIVE_COMPILATION_CONDITIONS = DEBUG;
				SWIFT_OPTIMIZATION_LEVEL = "-Onone";
			};
			name = Debug;
		};
		573BAABC277785E7001258D3 /* Release */ = {
			isa = XCBuildConfiguration;
			buildSettings = {
				ALWAYS_SEARCH_USER_PATHS = NO;
				CLANG_ANALYZER_NONNULL = YES;
				CLANG_ANALYZER_NUMBER_OBJECT_CONVERSION = YES_AGGRESSIVE;
				CLANG_CXX_LANGUAGE_STANDARD = "gnu++14";
				CLANG_CXX_LIBRARY = "libc++";
				CLANG_ENABLE_MODULES = YES;
				CLANG_ENABLE_OBJC_ARC = YES;
				CLANG_ENABLE_OBJC_WEAK = YES;
				CLANG_WARN_BLOCK_CAPTURE_AUTORELEASING = YES;
				CLANG_WARN_BOOL_CONVERSION = YES;
				CLANG_WARN_COMMA = YES;
				CLANG_WARN_CONSTANT_CONVERSION = YES;
				CLANG_WARN_DEPRECATED_OBJC_IMPLEMENTATIONS = YES;
				CLANG_WARN_DIRECT_OBJC_ISA_USAGE = YES_ERROR;
				CLANG_WARN_DOCUMENTATION_COMMENTS = YES;
				CLANG_WARN_EMPTY_BODY = YES;
				CLANG_WARN_ENUM_CONVERSION = YES;
				CLANG_WARN_INFINITE_RECURSION = YES;
				CLANG_WARN_INT_CONVERSION = YES;
				CLANG_WARN_NON_LITERAL_NULL_CONVERSION = YES;
				CLANG_WARN_OBJC_IMPLICIT_RETAIN_SELF = YES;
				CLANG_WARN_OBJC_LITERAL_CONVERSION = YES;
				CLANG_WARN_OBJC_ROOT_CLASS = YES_ERROR;
				CLANG_WARN_QUOTED_INCLUDE_IN_FRAMEWORK_HEADER = YES;
				CLANG_WARN_RANGE_LOOP_ANALYSIS = YES;
				CLANG_WARN_STRICT_PROTOTYPES = YES;
				CLANG_WARN_SUSPICIOUS_MOVE = YES;
				CLANG_WARN_UNGUARDED_AVAILABILITY = YES_AGGRESSIVE;
				CLANG_WARN_UNREACHABLE_CODE = YES;
				CLANG_WARN__DUPLICATE_METHOD_MATCH = YES;
				COPY_PHASE_STRIP = NO;
				DEBUG_INFORMATION_FORMAT = "dwarf-with-dsym";
				ENABLE_NS_ASSERTIONS = NO;
				ENABLE_STRICT_OBJC_MSGSEND = YES;
				GCC_C_LANGUAGE_STANDARD = gnu11;
				GCC_NO_COMMON_BLOCKS = YES;
				GCC_WARN_64_TO_32_BIT_CONVERSION = YES;
				GCC_WARN_ABOUT_RETURN_TYPE = YES_ERROR;
				GCC_WARN_UNDECLARED_SELECTOR = YES;
				GCC_WARN_UNINITIALIZED_AUTOS = YES_AGGRESSIVE;
				GCC_WARN_UNUSED_FUNCTION = YES;
				GCC_WARN_UNUSED_VARIABLE = YES;
				IPHONEOS_DEPLOYMENT_TARGET = 14.4;
				MTL_ENABLE_DEBUG_INFO = NO;
				MTL_FAST_MATH = YES;
				SDKROOT = iphoneos;
				SWIFT_COMPILATION_MODE = wholemodule;
				SWIFT_OPTIMIZATION_LEVEL = "-O";
				VALIDATE_PRODUCT = YES;
			};
			name = Release;
		};
		573BAABE277785E7001258D3 /* Debug */ = {
			isa = XCBuildConfiguration;
			buildSettings = {
				ASSETCATALOG_COMPILER_APPICON_NAME = AppIcon;
				ASSETCATALOG_COMPILER_GLOBAL_ACCENT_COLOR_NAME = AccentColor;
				CODE_SIGN_STYLE = Automatic;
				DEVELOPMENT_TEAM = B4Y5G8NE9Z;
				INFOPLIST_FILE = meditation/Info.plist;
				LD_RUNPATH_SEARCH_PATHS = (
					"$(inherited)",
					"@executable_path/Frameworks",
				);
				MARKETING_VERSION = 1.3;
				PRODUCT_BUNDLE_IDENTIFIER = medvedev.meditation;
				PRODUCT_NAME = "$(TARGET_NAME)";
				SWIFT_VERSION = 5.0;
				TARGETED_DEVICE_FAMILY = "1,2";
			};
			name = Debug;
		};
		573BAABF277785E7001258D3 /* Release */ = {
			isa = XCBuildConfiguration;
			buildSettings = {
				ASSETCATALOG_COMPILER_APPICON_NAME = AppIcon;
				ASSETCATALOG_COMPILER_GLOBAL_ACCENT_COLOR_NAME = AccentColor;
				CODE_SIGN_STYLE = Automatic;
				DEVELOPMENT_TEAM = B4Y5G8NE9Z;
				INFOPLIST_FILE = meditation/Info.plist;
				LD_RUNPATH_SEARCH_PATHS = (
					"$(inherited)",
					"@executable_path/Frameworks",
				);
				MARKETING_VERSION = 1.3;
				PRODUCT_BUNDLE_IDENTIFIER = medvedev.meditation;
				PRODUCT_NAME = "$(TARGET_NAME)";
				SWIFT_VERSION = 5.0;
				TARGETED_DEVICE_FAMILY = "1,2";
			};
			name = Release;
		};
/* End XCBuildConfiguration section */

/* Begin XCConfigurationList section */
		573BAAA4277785E1001258D3 /* Build configuration list for PBXProject "meditation" */ = {
			isa = XCConfigurationList;
			buildConfigurations = (
				573BAABB277785E7001258D3 /* Debug */,
				573BAABC277785E7001258D3 /* Release */,
			);
			defaultConfigurationIsVisible = 0;
			defaultConfigurationName = Release;
		};
		573BAABD277785E7001258D3 /* Build configuration list for PBXNativeTarget "meditation" */ = {
			isa = XCConfigurationList;
			buildConfigurations = (
				573BAABE277785E7001258D3 /* Debug */,
				573BAABF277785E7001258D3 /* Release */,
			);
			defaultConfigurationIsVisible = 0;
			defaultConfigurationName = Release;
		};
/* End XCConfigurationList section */

/* Begin XCRemoteSwiftPackageReference section */
		57A8398327778AE3003F566B /* XCRemoteSwiftPackageReference "SnapKit" */ = {
			isa = XCRemoteSwiftPackageReference;
			repositoryURL = "https://github.com/SnapKit/SnapKit";
			requirement = {
				kind = upToNextMajorVersion;
				minimumVersion = 5.0.1;
			};
		};
/* End XCRemoteSwiftPackageReference section */

/* Begin XCSwiftPackageProductDependency section */
		57A8398427778AE3003F566B /* SnapKit */ = {
			isa = XCSwiftPackageProductDependency;
			package = 57A8398327778AE3003F566B /* XCRemoteSwiftPackageReference "SnapKit" */;
			productName = SnapKit;
		};
/* End XCSwiftPackageProductDependency section */
	};
	rootObject = 573BAAA1277785E1001258D3 /* Project object */;
}
